// !$*UTF8*$!
{
	archiveVersion = 1;
	classes = {
	};
	objectVersion = 46;
	objects = {

/* Begin PBXBuildFile section */
		7E82676513B43DB7006D7F94 /* CSFetchRequest.h in Headers */ = {isa = PBXBuildFile; fileRef = 7E82676313B43DB7006D7F94 /* CSFetchRequest.h */; };
		7E82676613B43DB7006D7F94 /* CSFetchRequest.m in Sources */ = {isa = PBXBuildFile; fileRef = 7E82676413B43DB7006D7F94 /* CSFetchRequest.m */; };
		7E82676913B43EAF006D7F94 /* CoreData.framework in Frameworks */ = {isa = PBXBuildFile; fileRef = 7E82676813B43EAF006D7F94 /* CoreData.framework */; };
		7E82676C13B43F34006D7F94 /* CSObject.h in Headers */ = {isa = PBXBuildFile; fileRef = 7E82676A13B43F34006D7F94 /* CSObject.h */; };
		7E82676D13B43F34006D7F94 /* CSObject.m in Sources */ = {isa = PBXBuildFile; fileRef = 7E82676B13B43F34006D7F94 /* CSObject.m */; };
		7E82677213B44251006D7F94 /* NSString+Inflections.h in Headers */ = {isa = PBXBuildFile; fileRef = 7E82677013B44251006D7F94 /* NSString+Inflections.h */; };
		7E82677313B44251006D7F94 /* NSString+Inflections.m in Sources */ = {isa = PBXBuildFile; fileRef = 7E82677113B44251006D7F94 /* NSString+Inflections.m */; };
		7E82677713B442C6006D7F94 /* RegexKitLite.h in Headers */ = {isa = PBXBuildFile; fileRef = 7E82677513B442C6006D7F94 /* RegexKitLite.h */; };
		7E82677813B442C6006D7F94 /* RegexKitLite.m in Sources */ = {isa = PBXBuildFile; fileRef = 7E82677613B442C6006D7F94 /* RegexKitLite.m */; };
		7E82677B13B443CB006D7F94 /* CSObjectManager.h in Headers */ = {isa = PBXBuildFile; fileRef = 7E82677913B443CB006D7F94 /* CSObjectManager.h */; };
		7E82677C13B443CB006D7F94 /* CSObjectManager.m in Sources */ = {isa = PBXBuildFile; fileRef = 7E82677A13B443CB006D7F94 /* CSObjectManager.m */; };
		7E82678013B44B82006D7F94 /* NSDate+ZuluString.h in Headers */ = {isa = PBXBuildFile; fileRef = 7E82677E13B44B82006D7F94 /* NSDate+ZuluString.h */; };
		7E82678113B44B82006D7F94 /* NSDate+ZuluString.m in Sources */ = {isa = PBXBuildFile; fileRef = 7E82677F13B44B82006D7F94 /* NSDate+ZuluString.m */; };
		7E82678413B457BF006D7F94 /* CSTableViewController.h in Headers */ = {isa = PBXBuildFile; fileRef = 7E82678213B457BF006D7F94 /* CSTableViewController.h */; };
		7E82678513B457BF006D7F94 /* CSTableViewController.m in Sources */ = {isa = PBXBuildFile; fileRef = 7E82678313B457BF006D7F94 /* CSTableViewController.m */; };
		7E82678713B4583F006D7F94 /* UIKit.framework in Frameworks */ = {isa = PBXBuildFile; fileRef = 7E82678613B4583F006D7F94 /* UIKit.framework */; };
		7E82678A13B458DF006D7F94 /* CSFetchedResultsController.h in Headers */ = {isa = PBXBuildFile; fileRef = 7E82678813B458DF006D7F94 /* CSFetchedResultsController.h */; };
		7E82678B13B458DF006D7F94 /* CSFetchedResultsController.m in Sources */ = {isa = PBXBuildFile; fileRef = 7E82678913B458DF006D7F94 /* CSFetchedResultsController.m */; };
		7E82678E13B45A2B006D7F94 /* CSObject+UIKit.h in Headers */ = {isa = PBXBuildFile; fileRef = 7E82678C13B45A2B006D7F94 /* CSObject+UIKit.h */; };
		7E82678F13B45A2B006D7F94 /* CSObject+UIKit.m in Sources */ = {isa = PBXBuildFile; fileRef = 7E82678D13B45A2B006D7F94 /* CSObject+UIKit.m */; };
		7E82679213B45AA8006D7F94 /* CSObjectCell.h in Headers */ = {isa = PBXBuildFile; fileRef = 7E82679013B45AA8006D7F94 /* CSObjectCell.h */; };
		7E82679313B45AA8006D7F94 /* CSObjectCell.m in Sources */ = {isa = PBXBuildFile; fileRef = 7E82679113B45AA8006D7F94 /* CSObjectCell.m */; };
		7E89EA0113B42F85008D1712 /* Foundation.framework in Frameworks */ = {isa = PBXBuildFile; fileRef = 7E89EA0013B42F85008D1712 /* Foundation.framework */; };
		7E89EA1013B42FF1008D1712 /* CSURLOperation.h in Headers */ = {isa = PBXBuildFile; fileRef = 7E89EA0E13B42FF1008D1712 /* CSURLOperation.h */; };
		7E89EA1113B42FF1008D1712 /* CSURLOperation.m in Sources */ = {isa = PBXBuildFile; fileRef = 7E89EA0F13B42FF1008D1712 /* CSURLOperation.m */; };
		7E89EA4B13B43AB9008D1712 /* CSOperationQueue.h in Headers */ = {isa = PBXBuildFile; fileRef = 7E89EA4913B43AB9008D1712 /* CSOperationQueue.h */; };
		7E89EA4C13B43AB9008D1712 /* CSOperationQueue.m in Sources */ = {isa = PBXBuildFile; fileRef = 7E89EA4A13B43AB9008D1712 /* CSOperationQueue.m */; };
		7ED77D0E13B4E937008C8118 /* NSEntityDescription+LocalizedName.h in Headers */ = {isa = PBXBuildFile; fileRef = 7ED77D0A13B4E937008C8118 /* NSEntityDescription+LocalizedName.h */; };
		7ED77D0F13B4E937008C8118 /* NSEntityDescription+LocalizedName.m in Sources */ = {isa = PBXBuildFile; fileRef = 7ED77D0B13B4E937008C8118 /* NSEntityDescription+LocalizedName.m */; };
		7ED77D1013B4E937008C8118 /* NSPropertyDescription+LocalizedName.h in Headers */ = {isa = PBXBuildFile; fileRef = 7ED77D0C13B4E937008C8118 /* NSPropertyDescription+LocalizedName.h */; };
		7ED77D1113B4E937008C8118 /* NSPropertyDescription+LocalizedName.m in Sources */ = {isa = PBXBuildFile; fileRef = 7ED77D0D13B4E937008C8118 /* NSPropertyDescription+LocalizedName.m */; };
		7ED77D1713B4EBB9008C8118 /* CSAPIRequest.h in Headers */ = {isa = PBXBuildFile; fileRef = 7ED77D1513B4EBB9008C8118 /* CSAPIRequest.h */; };
		7ED77D1813B4EBB9008C8118 /* CSAPIRequest.m in Sources */ = {isa = PBXBuildFile; fileRef = 7ED77D1613B4EBB9008C8118 /* CSAPIRequest.m */; };
		7ED77D1B13B4EBC7008C8118 /* CSAPIServer.h in Headers */ = {isa = PBXBuildFile; fileRef = 7ED77D1913B4EBC7008C8118 /* CSAPIServer.h */; };
		7ED77D1C13B4EBC7008C8118 /* CSAPIServer.m in Sources */ = {isa = PBXBuildFile; fileRef = 7ED77D1A13B4EBC7008C8118 /* CSAPIServer.m */; };
		7EDB0DED13B4EFA300B19D6D /* NSString+URLEncoding.h in Headers */ = {isa = PBXBuildFile; fileRef = 7EDB0DE913B4EFA300B19D6D /* NSString+URLEncoding.h */; };
		7EDB0DEE13B4EFA300B19D6D /* NSString+URLEncoding.m in Sources */ = {isa = PBXBuildFile; fileRef = 7EDB0DEA13B4EFA300B19D6D /* NSString+URLEncoding.m */; };
		7EDB0DEF13B4EFA300B19D6D /* NSDictionary+URLEncoding.h in Headers */ = {isa = PBXBuildFile; fileRef = 7EDB0DEB13B4EFA300B19D6D /* NSDictionary+URLEncoding.h */; };
		7EDB0DF013B4EFA300B19D6D /* NSDictionary+URLEncoding.m in Sources */ = {isa = PBXBuildFile; fileRef = 7EDB0DEC13B4EFA300B19D6D /* NSDictionary+URLEncoding.m */; };
		7EDB0DF413B4F22000B19D6D /* CSAPIParser.h in Headers */ = {isa = PBXBuildFile; fileRef = 7EDB0DF213B4F21F00B19D6D /* CSAPIParser.h */; };
		7EDB0DF513B4F22000B19D6D /* CSAPIParser.m in Sources */ = {isa = PBXBuildFile; fileRef = 7EDB0DF313B4F21F00B19D6D /* CSAPIParser.m */; };
		7EDB0DF713B4F46000B19D6D /* YAJLiOS.framework in Frameworks */ = {isa = PBXBuildFile; fileRef = 7EDB0DF613B4F46000B19D6D /* YAJLiOS.framework */; };
/* End PBXBuildFile section */

/* Begin PBXFileReference section */
		7E82676313B43DB7006D7F94 /* CSFetchRequest.h */ = {isa = PBXFileReference; fileEncoding = 4; lastKnownFileType = sourcecode.c.h; path = CSFetchRequest.h; sourceTree = "<group>"; };
		7E82676413B43DB7006D7F94 /* CSFetchRequest.m */ = {isa = PBXFileReference; fileEncoding = 4; lastKnownFileType = sourcecode.c.objc; path = CSFetchRequest.m; sourceTree = "<group>"; };
		7E82676813B43EAF006D7F94 /* CoreData.framework */ = {isa = PBXFileReference; lastKnownFileType = wrapper.framework; name = CoreData.framework; path = System/Library/Frameworks/CoreData.framework; sourceTree = SDKROOT; };
		7E82676A13B43F34006D7F94 /* CSObject.h */ = {isa = PBXFileReference; fileEncoding = 4; lastKnownFileType = sourcecode.c.h; path = CSObject.h; sourceTree = "<group>"; };
		7E82676B13B43F34006D7F94 /* CSObject.m */ = {isa = PBXFileReference; fileEncoding = 4; lastKnownFileType = sourcecode.c.objc; path = CSObject.m; sourceTree = "<group>"; };
		7E82677013B44251006D7F94 /* NSString+Inflections.h */ = {isa = PBXFileReference; fileEncoding = 4; lastKnownFileType = sourcecode.c.h; path = "NSString+Inflections.h"; sourceTree = "<group>"; };
		7E82677113B44251006D7F94 /* NSString+Inflections.m */ = {isa = PBXFileReference; fileEncoding = 4; lastKnownFileType = sourcecode.c.objc; path = "NSString+Inflections.m"; sourceTree = "<group>"; };
		7E82677513B442C6006D7F94 /* RegexKitLite.h */ = {isa = PBXFileReference; fileEncoding = 4; lastKnownFileType = sourcecode.c.h; path = RegexKitLite.h; sourceTree = "<group>"; };
		7E82677613B442C6006D7F94 /* RegexKitLite.m */ = {isa = PBXFileReference; fileEncoding = 4; lastKnownFileType = sourcecode.c.objc; path = RegexKitLite.m; sourceTree = "<group>"; };
		7E82677913B443CB006D7F94 /* CSObjectManager.h */ = {isa = PBXFileReference; fileEncoding = 4; lastKnownFileType = sourcecode.c.h; path = CSObjectManager.h; sourceTree = "<group>"; };
		7E82677A13B443CB006D7F94 /* CSObjectManager.m */ = {isa = PBXFileReference; fileEncoding = 4; lastKnownFileType = sourcecode.c.objc; path = CSObjectManager.m; sourceTree = "<group>"; };
		7E82677E13B44B82006D7F94 /* NSDate+ZuluString.h */ = {isa = PBXFileReference; fileEncoding = 4; lastKnownFileType = sourcecode.c.h; path = "NSDate+ZuluString.h"; sourceTree = "<group>"; };
		7E82677F13B44B82006D7F94 /* NSDate+ZuluString.m */ = {isa = PBXFileReference; fileEncoding = 4; lastKnownFileType = sourcecode.c.objc; path = "NSDate+ZuluString.m"; sourceTree = "<group>"; };
		7E82678213B457BF006D7F94 /* CSTableViewController.h */ = {isa = PBXFileReference; fileEncoding = 4; lastKnownFileType = sourcecode.c.h; path = CSTableViewController.h; sourceTree = "<group>"; };
		7E82678313B457BF006D7F94 /* CSTableViewController.m */ = {isa = PBXFileReference; fileEncoding = 4; lastKnownFileType = sourcecode.c.objc; path = CSTableViewController.m; sourceTree = "<group>"; };
		7E82678613B4583F006D7F94 /* UIKit.framework */ = {isa = PBXFileReference; lastKnownFileType = wrapper.framework; name = UIKit.framework; path = System/Library/Frameworks/UIKit.framework; sourceTree = SDKROOT; };
		7E82678813B458DF006D7F94 /* CSFetchedResultsController.h */ = {isa = PBXFileReference; fileEncoding = 4; lastKnownFileType = sourcecode.c.h; path = CSFetchedResultsController.h; sourceTree = "<group>"; };
		7E82678913B458DF006D7F94 /* CSFetchedResultsController.m */ = {isa = PBXFileReference; fileEncoding = 4; lastKnownFileType = sourcecode.c.objc; path = CSFetchedResultsController.m; sourceTree = "<group>"; };
		7E82678C13B45A2B006D7F94 /* CSObject+UIKit.h */ = {isa = PBXFileReference; fileEncoding = 4; lastKnownFileType = sourcecode.c.h; path = "CSObject+UIKit.h"; sourceTree = "<group>"; };
		7E82678D13B45A2B006D7F94 /* CSObject+UIKit.m */ = {isa = PBXFileReference; fileEncoding = 4; lastKnownFileType = sourcecode.c.objc; path = "CSObject+UIKit.m"; sourceTree = "<group>"; };
		7E82679013B45AA8006D7F94 /* CSObjectCell.h */ = {isa = PBXFileReference; fileEncoding = 4; lastKnownFileType = sourcecode.c.h; path = CSObjectCell.h; sourceTree = "<group>"; };
		7E82679113B45AA8006D7F94 /* CSObjectCell.m */ = {isa = PBXFileReference; fileEncoding = 4; lastKnownFileType = sourcecode.c.objc; path = CSObjectCell.m; sourceTree = "<group>"; };
		7E89E9FD13B42F85008D1712 /* libCSUtils.a */ = {isa = PBXFileReference; explicitFileType = archive.ar; includeInIndex = 0; path = libCSUtils.a; sourceTree = BUILT_PRODUCTS_DIR; };
		7E89EA0013B42F85008D1712 /* Foundation.framework */ = {isa = PBXFileReference; lastKnownFileType = wrapper.framework; name = Foundation.framework; path = System/Library/Frameworks/Foundation.framework; sourceTree = SDKROOT; };
		7E89EA0413B42F85008D1712 /* Prefix.pch */ = {isa = PBXFileReference; lastKnownFileType = sourcecode.c.h; path = Prefix.pch; sourceTree = "<group>"; };
		7E89EA0E13B42FF1008D1712 /* CSURLOperation.h */ = {isa = PBXFileReference; fileEncoding = 4; lastKnownFileType = sourcecode.c.h; path = CSURLOperation.h; sourceTree = "<group>"; };
		7E89EA0F13B42FF1008D1712 /* CSURLOperation.m */ = {isa = PBXFileReference; fileEncoding = 4; lastKnownFileType = sourcecode.c.objc; path = CSURLOperation.m; sourceTree = "<group>"; };
		7E89EA4913B43AB9008D1712 /* CSOperationQueue.h */ = {isa = PBXFileReference; fileEncoding = 4; lastKnownFileType = sourcecode.c.h; path = CSOperationQueue.h; sourceTree = "<group>"; };
		7E89EA4A13B43AB9008D1712 /* CSOperationQueue.m */ = {isa = PBXFileReference; fileEncoding = 4; lastKnownFileType = sourcecode.c.objc; path = CSOperationQueue.m; sourceTree = "<group>"; };
		7ED77D0A13B4E937008C8118 /* NSEntityDescription+LocalizedName.h */ = {isa = PBXFileReference; fileEncoding = 4; lastKnownFileType = sourcecode.c.h; path = "NSEntityDescription+LocalizedName.h"; sourceTree = "<group>"; };
		7ED77D0B13B4E937008C8118 /* NSEntityDescription+LocalizedName.m */ = {isa = PBXFileReference; fileEncoding = 4; lastKnownFileType = sourcecode.c.objc; path = "NSEntityDescription+LocalizedName.m"; sourceTree = "<group>"; };
		7ED77D0C13B4E937008C8118 /* NSPropertyDescription+LocalizedName.h */ = {isa = PBXFileReference; fileEncoding = 4; lastKnownFileType = sourcecode.c.h; path = "NSPropertyDescription+LocalizedName.h"; sourceTree = "<group>"; };
		7ED77D0D13B4E937008C8118 /* NSPropertyDescription+LocalizedName.m */ = {isa = PBXFileReference; fileEncoding = 4; lastKnownFileType = sourcecode.c.objc; path = "NSPropertyDescription+LocalizedName.m"; sourceTree = "<group>"; };
		7ED77D1513B4EBB9008C8118 /* CSAPIRequest.h */ = {isa = PBXFileReference; fileEncoding = 4; lastKnownFileType = sourcecode.c.h; path = CSAPIRequest.h; sourceTree = "<group>"; };
		7ED77D1613B4EBB9008C8118 /* CSAPIRequest.m */ = {isa = PBXFileReference; fileEncoding = 4; lastKnownFileType = sourcecode.c.objc; path = CSAPIRequest.m; sourceTree = "<group>"; };
		7ED77D1913B4EBC7008C8118 /* CSAPIServer.h */ = {isa = PBXFileReference; fileEncoding = 4; lastKnownFileType = sourcecode.c.h; path = CSAPIServer.h; sourceTree = "<group>"; };
		7ED77D1A13B4EBC7008C8118 /* CSAPIServer.m */ = {isa = PBXFileReference; fileEncoding = 4; lastKnownFileType = sourcecode.c.objc; path = CSAPIServer.m; sourceTree = "<group>"; };
		7EDB0DE913B4EFA300B19D6D /* NSString+URLEncoding.h */ = {isa = PBXFileReference; fileEncoding = 4; lastKnownFileType = sourcecode.c.h; path = "NSString+URLEncoding.h"; sourceTree = "<group>"; };
		7EDB0DEA13B4EFA300B19D6D /* NSString+URLEncoding.m */ = {isa = PBXFileReference; fileEncoding = 4; lastKnownFileType = sourcecode.c.objc; path = "NSString+URLEncoding.m"; sourceTree = "<group>"; };
		7EDB0DEB13B4EFA300B19D6D /* NSDictionary+URLEncoding.h */ = {isa = PBXFileReference; fileEncoding = 4; lastKnownFileType = sourcecode.c.h; path = "NSDictionary+URLEncoding.h"; sourceTree = "<group>"; };
		7EDB0DEC13B4EFA300B19D6D /* NSDictionary+URLEncoding.m */ = {isa = PBXFileReference; fileEncoding = 4; lastKnownFileType = sourcecode.c.objc; path = "NSDictionary+URLEncoding.m"; sourceTree = "<group>"; };
		7EDB0DF213B4F21F00B19D6D /* CSAPIParser.h */ = {isa = PBXFileReference; fileEncoding = 4; lastKnownFileType = sourcecode.c.h; path = CSAPIParser.h; sourceTree = "<group>"; };
		7EDB0DF313B4F21F00B19D6D /* CSAPIParser.m */ = {isa = PBXFileReference; fileEncoding = 4; lastKnownFileType = sourcecode.c.objc; path = CSAPIParser.m; sourceTree = "<group>"; };
		7EDB0DF613B4F46000B19D6D /* YAJLiOS.framework */ = {isa = PBXFileReference; lastKnownFileType = wrapper.framework; name = YAJLiOS.framework; path = Public/YAJLiOS.framework; sourceTree = "<group>"; };
/* End PBXFileReference section */

/* Begin PBXFrameworksBuildPhase section */
		7E89E9FA13B42F84008D1712 /* Frameworks */ = {
			isa = PBXFrameworksBuildPhase;
			buildActionMask = 2147483647;
			files = (
				7E82678713B4583F006D7F94 /* UIKit.framework in Frameworks */,
				7E82676913B43EAF006D7F94 /* CoreData.framework in Frameworks */,
				7E89EA0113B42F85008D1712 /* Foundation.framework in Frameworks */,
				7EDB0DF713B4F46000B19D6D /* YAJLiOS.framework in Frameworks */,
			);
			runOnlyForDeploymentPostprocessing = 0;
		};
/* End PBXFrameworksBuildPhase section */

/* Begin PBXGroup section */
		7E82676E13B44073006D7F94 /* Public */ = {
			isa = PBXGroup;
			children = (
				7EDB0DF613B4F46000B19D6D /* YAJLiOS.framework */,
				7E82677413B4426F006D7F94 /* RegexKitLite */,
				7E82676F13B4423B006D7F94 /* Inflections */,
				7ED77CE313B4E937008C8118 /* CoreDataLocalization */,
			);
			name = Public;
			sourceTree = "<group>";
		};
		7E82676F13B4423B006D7F94 /* Inflections */ = {
			isa = PBXGroup;
			children = (
				7E82677013B44251006D7F94 /* NSString+Inflections.h */,
				7E82677113B44251006D7F94 /* NSString+Inflections.m */,
			);
			name = Inflections;
			path = Public/Inflections;
			sourceTree = "<group>";
		};
		7E82677413B4426F006D7F94 /* RegexKitLite */ = {
			isa = PBXGroup;
			children = (
				7E82677513B442C6006D7F94 /* RegexKitLite.h */,
				7E82677613B442C6006D7F94 /* RegexKitLite.m */,
			);
			name = RegexKitLite;
			path = Public/RegexKitLite;
			sourceTree = "<group>";
		};
		7E82677D13B44B62006D7F94 /* Categories */ = {
			isa = PBXGroup;
			children = (
				7EDB0DE913B4EFA300B19D6D /* NSString+URLEncoding.h */,
				7EDB0DEA13B4EFA300B19D6D /* NSString+URLEncoding.m */,
				7EDB0DEB13B4EFA300B19D6D /* NSDictionary+URLEncoding.h */,
				7EDB0DEC13B4EFA300B19D6D /* NSDictionary+URLEncoding.m */,
				7E82677E13B44B82006D7F94 /* NSDate+ZuluString.h */,
				7E82677F13B44B82006D7F94 /* NSDate+ZuluString.m */,
			);
			path = Categories;
			sourceTree = "<group>";
		};
		7E82679413B45BA9006D7F94 /* UIKit-Only */ = {
			isa = PBXGroup;
			children = (
				7E82678213B457BF006D7F94 /* CSTableViewController.h */,
				7E82678313B457BF006D7F94 /* CSTableViewController.m */,
				7E82678813B458DF006D7F94 /* CSFetchedResultsController.h */,
				7E82678913B458DF006D7F94 /* CSFetchedResultsController.m */,
				7E82678C13B45A2B006D7F94 /* CSObject+UIKit.h */,
				7E82678D13B45A2B006D7F94 /* CSObject+UIKit.m */,
				7E82679013B45AA8006D7F94 /* CSObjectCell.h */,
				7E82679113B45AA8006D7F94 /* CSObjectCell.m */,
			);
			name = "UIKit-Only";
			sourceTree = "<group>";
		};
		7E89E9F213B42F84008D1712 = {
			isa = PBXGroup;
			children = (
				7E89EA0413B42F85008D1712 /* Prefix.pch */,
				7E89EA0213B42F85008D1712 /* Classes */,
				7E82677D13B44B62006D7F94 /* Categories */,
				7E82676E13B44073006D7F94 /* Public */,
				7E89E9FF13B42F85008D1712 /* Frameworks */,
				7E89E9FE13B42F85008D1712 /* Products */,
			);
			sourceTree = "<group>";
		};
		7E89E9FE13B42F85008D1712 /* Products */ = {
			isa = PBXGroup;
			children = (
				7E89E9FD13B42F85008D1712 /* libCSUtils.a */,
			);
			name = Products;
			sourceTree = "<group>";
		};
		7E89E9FF13B42F85008D1712 /* Frameworks */ = {
			isa = PBXGroup;
			children = (
				7E89EA0013B42F85008D1712 /* Foundation.framework */,
				7E82678613B4583F006D7F94 /* UIKit.framework */,
				7E82676813B43EAF006D7F94 /* CoreData.framework */,
			);
			name = Frameworks;
			sourceTree = "<group>";
		};
		7E89EA0213B42F85008D1712 /* Classes */ = {
			isa = PBXGroup;
			children = (
				7ED77D1313B4EB4D008C8118 /* Base */,
				7E82679413B45BA9006D7F94 /* UIKit-Only */,
				7ED77D1413B4EB65008C8118 /* API-Client */,
			);
			path = Classes;
			sourceTree = "<group>";
		};
		7ED77CE313B4E937008C8118 /* CoreDataLocalization */ = {
			isa = PBXGroup;
			children = (
				7ED77D0A13B4E937008C8118 /* NSEntityDescription+LocalizedName.h */,
				7ED77D0B13B4E937008C8118 /* NSEntityDescription+LocalizedName.m */,
				7ED77D0C13B4E937008C8118 /* NSPropertyDescription+LocalizedName.h */,
				7ED77D0D13B4E937008C8118 /* NSPropertyDescription+LocalizedName.m */,
			);
			name = CoreDataLocalization;
			path = Public/CoreDataLocalization;
			sourceTree = "<group>";
		};
		7ED77D1313B4EB4D008C8118 /* Base */ = {
			isa = PBXGroup;
			children = (
				7E89EA0E13B42FF1008D1712 /* CSURLOperation.h */,
				7E89EA0F13B42FF1008D1712 /* CSURLOperation.m */,
				7E89EA4913B43AB9008D1712 /* CSOperationQueue.h */,
				7E89EA4A13B43AB9008D1712 /* CSOperationQueue.m */,
				7E82676313B43DB7006D7F94 /* CSFetchRequest.h */,
				7E82676413B43DB7006D7F94 /* CSFetchRequest.m */,
				7E82676A13B43F34006D7F94 /* CSObject.h */,
				7E82676B13B43F34006D7F94 /* CSObject.m */,
				7E82677913B443CB006D7F94 /* CSObjectManager.h */,
				7E82677A13B443CB006D7F94 /* CSObjectManager.m */,
			);
			name = Base;
			sourceTree = "<group>";
		};
		7ED77D1413B4EB65008C8118 /* API-Client */ = {
			isa = PBXGroup;
			children = (
				7ED77D1513B4EBB9008C8118 /* CSAPIRequest.h */,
				7ED77D1613B4EBB9008C8118 /* CSAPIRequest.m */,
				7ED77D1913B4EBC7008C8118 /* CSAPIServer.h */,
				7ED77D1A13B4EBC7008C8118 /* CSAPIServer.m */,
				7EDB0DF213B4F21F00B19D6D /* CSAPIParser.h */,
				7EDB0DF313B4F21F00B19D6D /* CSAPIParser.m */,
			);
			name = "API-Client";
			sourceTree = "<group>";
		};
/* End PBXGroup section */

/* Begin PBXHeadersBuildPhase section */
		7E89E9FB13B42F84008D1712 /* Headers */ = {
			isa = PBXHeadersBuildPhase;
			buildActionMask = 2147483647;
			files = (
				7E89EA1013B42FF1008D1712 /* CSURLOperation.h in Headers */,
				7E89EA4B13B43AB9008D1712 /* CSOperationQueue.h in Headers */,
				7E82676513B43DB7006D7F94 /* CSFetchRequest.h in Headers */,
				7E82676C13B43F34006D7F94 /* CSObject.h in Headers */,
				7E82677213B44251006D7F94 /* NSString+Inflections.h in Headers */,
				7E82677713B442C6006D7F94 /* RegexKitLite.h in Headers */,
				7E82677B13B443CB006D7F94 /* CSObjectManager.h in Headers */,
				7E82678013B44B82006D7F94 /* NSDate+ZuluString.h in Headers */,
				7E82678413B457BF006D7F94 /* CSTableViewController.h in Headers */,
				7E82678A13B458DF006D7F94 /* CSFetchedResultsController.h in Headers */,
				7E82678E13B45A2B006D7F94 /* CSObject+UIKit.h in Headers */,
				7E82679213B45AA8006D7F94 /* CSObjectCell.h in Headers */,
				7ED77D0E13B4E937008C8118 /* NSEntityDescription+LocalizedName.h in Headers */,
				7ED77D1013B4E937008C8118 /* NSPropertyDescription+LocalizedName.h in Headers */,
				7ED77D1713B4EBB9008C8118 /* CSAPIRequest.h in Headers */,
				7ED77D1B13B4EBC7008C8118 /* CSAPIServer.h in Headers */,
				7EDB0DED13B4EFA300B19D6D /* NSString+URLEncoding.h in Headers */,
				7EDB0DEF13B4EFA300B19D6D /* NSDictionary+URLEncoding.h in Headers */,
				7EDB0DF413B4F22000B19D6D /* CSAPIParser.h in Headers */,
			);
			runOnlyForDeploymentPostprocessing = 0;
		};
/* End PBXHeadersBuildPhase section */

/* Begin PBXNativeTarget section */
		7E89E9FC13B42F84008D1712 /* CSUtils */ = {
			isa = PBXNativeTarget;
			buildConfigurationList = 7E89EA0713B42F85008D1712 /* Build configuration list for PBXNativeTarget "CSUtils" */;
			buildPhases = (
				7E89E9F913B42F84008D1712 /* Sources */,
				7E89E9FA13B42F84008D1712 /* Frameworks */,
				7E89E9FB13B42F84008D1712 /* Headers */,
			);
			buildRules = (
			);
			dependencies = (
			);
			name = CSUtils;
			productName = CSUtils;
			productReference = 7E89E9FD13B42F85008D1712 /* libCSUtils.a */;
			productType = "com.apple.product-type.library.static";
		};
/* End PBXNativeTarget section */

/* Begin PBXProject section */
		7E89E9F413B42F84008D1712 /* Project object */ = {
			isa = PBXProject;
			attributes = {
				ORGANIZATIONNAME = "Cameron Spickert";
			};
			buildConfigurationList = 7E89E9F713B42F84008D1712 /* Build configuration list for PBXProject "CSUtils" */;
			compatibilityVersion = "Xcode 3.2";
			developmentRegion = English;
			hasScannedForEncodings = 0;
			knownRegions = (
				en,
			);
			mainGroup = 7E89E9F213B42F84008D1712;
			productRefGroup = 7E89E9FE13B42F85008D1712 /* Products */;
			projectDirPath = "";
			projectRoot = "";
			targets = (
				7E89E9FC13B42F84008D1712 /* CSUtils */,
			);
		};
/* End PBXProject section */

/* Begin PBXSourcesBuildPhase section */
		7E89E9F913B42F84008D1712 /* Sources */ = {
			isa = PBXSourcesBuildPhase;
			buildActionMask = 2147483647;
			files = (
				7E89EA1113B42FF1008D1712 /* CSURLOperation.m in Sources */,
				7E89EA4C13B43AB9008D1712 /* CSOperationQueue.m in Sources */,
				7E82676613B43DB7006D7F94 /* CSFetchRequest.m in Sources */,
				7E82676D13B43F34006D7F94 /* CSObject.m in Sources */,
				7E82677313B44251006D7F94 /* NSString+Inflections.m in Sources */,
				7E82677813B442C6006D7F94 /* RegexKitLite.m in Sources */,
				7E82677C13B443CB006D7F94 /* CSObjectManager.m in Sources */,
				7E82678113B44B82006D7F94 /* NSDate+ZuluString.m in Sources */,
				7E82678513B457BF006D7F94 /* CSTableViewController.m in Sources */,
				7E82678B13B458DF006D7F94 /* CSFetchedResultsController.m in Sources */,
				7E82678F13B45A2B006D7F94 /* CSObject+UIKit.m in Sources */,
				7E82679313B45AA8006D7F94 /* CSObjectCell.m in Sources */,
				7ED77D0F13B4E937008C8118 /* NSEntityDescription+LocalizedName.m in Sources */,
				7ED77D1113B4E937008C8118 /* NSPropertyDescription+LocalizedName.m in Sources */,
				7ED77D1813B4EBB9008C8118 /* CSAPIRequest.m in Sources */,
				7ED77D1C13B4EBC7008C8118 /* CSAPIServer.m in Sources */,
				7EDB0DEE13B4EFA300B19D6D /* NSString+URLEncoding.m in Sources */,
				7EDB0DF013B4EFA300B19D6D /* NSDictionary+URLEncoding.m in Sources */,
				7EDB0DF513B4F22000B19D6D /* CSAPIParser.m in Sources */,
			);
			runOnlyForDeploymentPostprocessing = 0;
		};
/* End PBXSourcesBuildPhase section */

/* Begin XCBuildConfiguration section */
		7E89EA0513B42F85008D1712 /* Debug */ = {
			isa = XCBuildConfiguration;
			buildSettings = {
				ALWAYS_SEARCH_USER_PATHS = NO;
				ARCHS = "$(ARCHS_STANDARD_32_BIT)";
				COPY_PHASE_STRIP = NO;
				GCC_C_LANGUAGE_STANDARD = gnu99;
				GCC_DYNAMIC_NO_PIC = NO;
				GCC_OPTIMIZATION_LEVEL = 0;
				GCC_PREPROCESSOR_DEFINITIONS = (
					"DEBUG=1",
					"$(inherited)",
				);
				GCC_SYMBOLS_PRIVATE_EXTERN = NO;
				GCC_VERSION = com.apple.compilers.llvmgcc42;
				GCC_WARN_ABOUT_MISSING_PROTOTYPES = YES;
				GCC_WARN_ABOUT_RETURN_TYPE = YES;
				GCC_WARN_UNUSED_VARIABLE = YES;
				IPHONEOS_DEPLOYMENT_TARGET = 4.3;
				SDKROOT = iphoneos;
			};
			name = Debug;
		};
		7E89EA0613B42F85008D1712 /* Release */ = {
			isa = XCBuildConfiguration;
			buildSettings = {
				ALWAYS_SEARCH_USER_PATHS = NO;
				ARCHS = "$(ARCHS_STANDARD_32_BIT)";
				COPY_PHASE_STRIP = YES;
				GCC_C_LANGUAGE_STANDARD = gnu99;
				GCC_VERSION = com.apple.compilers.llvmgcc42;
				GCC_WARN_ABOUT_MISSING_PROTOTYPES = YES;
				GCC_WARN_ABOUT_RETURN_TYPE = YES;
				GCC_WARN_UNUSED_VARIABLE = YES;
				IPHONEOS_DEPLOYMENT_TARGET = 4.3;
				SDKROOT = iphoneos;
				VALIDATE_PRODUCT = YES;
			};
			name = Release;
		};
		7E89EA0813B42F85008D1712 /* Debug */ = {
			isa = XCBuildConfiguration;
			buildSettings = {
				DSTROOT = /tmp/CSUtils.dst;
				FRAMEWORK_SEARCH_PATHS = (
					"$(inherited)",
					"\"$(SRCROOT)/Public\"",
				);
				GCC_PRECOMPILE_PREFIX_HEADER = YES;
				GCC_PREFIX_HEADER = Prefix.pch;
				OTHER_LDFLAGS = (
					"-ObjC",
					"-all_load",
				);
				PRODUCT_NAME = "$(TARGET_NAME)";
				SKIP_INSTALL = YES;
			};
			name = Debug;
		};
		7E89EA0913B42F85008D1712 /* Release */ = {
			isa = XCBuildConfiguration;
			buildSettings = {
				DSTROOT = /tmp/CSUtils.dst;
				FRAMEWORK_SEARCH_PATHS = (
					"$(inherited)",
					"\"$(SRCROOT)/Public\"",
				);
				GCC_PRECOMPILE_PREFIX_HEADER = YES;
				GCC_PREFIX_HEADER = Prefix.pch;
				OTHER_LDFLAGS = (
					"-ObjC",
					"-all_load",
				);
				PRODUCT_NAME = "$(TARGET_NAME)";
				SKIP_INSTALL = YES;
			};
			name = Release;
		};
/* End XCBuildConfiguration section */

/* Begin XCConfigurationList section */
		7E89E9F713B42F84008D1712 /* Build configuration list for PBXProject "CSUtils" */ = {
			isa = XCConfigurationList;
			buildConfigurations = (
				7E89EA0513B42F85008D1712 /* Debug */,
				7E89EA0613B42F85008D1712 /* Release */,
			);
			defaultConfigurationIsVisible = 0;
			defaultConfigurationName = Release;
		};
		7E89EA0713B42F85008D1712 /* Build configuration list for PBXNativeTarget "CSUtils" */ = {
			isa = XCConfigurationList;
			buildConfigurations = (
				7E89EA0813B42F85008D1712 /* Debug */,
				7E89EA0913B42F85008D1712 /* Release */,
			);
			defaultConfigurationIsVisible = 0;
			defaultConfigurationName = Release;
		};
/* End XCConfigurationList section */
	};
	rootObject = 7E89E9F413B42F84008D1712 /* Project object */;
}
